// !$*UTF8*$!
{
	archiveVersion = 1;
	classes = {
	};
	objectVersion = 46;
	objects = {

/* Begin PBXBuildFile section */
		0401E2551E557C4300D2A4CD /* NSString+FontSize.m in Sources */ = {isa = PBXBuildFile; fileRef = 0401E2351E557C4300D2A4CD /* NSString+FontSize.m */; };
		0401E2561E557C4300D2A4CD /* NSString+urlCoding.m in Sources */ = {isa = PBXBuildFile; fileRef = 0401E2371E557C4300D2A4CD /* NSString+urlCoding.m */; };
		0401E2571E557C4300D2A4CD /* UIButton+iconWithTitle.m in Sources */ = {isa = PBXBuildFile; fileRef = 0401E2391E557C4300D2A4CD /* UIButton+iconWithTitle.m */; };
		0401E2581E557C4300D2A4CD /* UINavigationBar+Awesome.m in Sources */ = {isa = PBXBuildFile; fileRef = 0401E23B1E557C4300D2A4CD /* UINavigationBar+Awesome.m */; };
		0401E25A1E557C4300D2A4CD /* KXActionSheet.m in Sources */ = {isa = PBXBuildFile; fileRef = 0401E2401E557C4300D2A4CD /* KXActionSheet.m */; };
		0401E25B1E557C4300D2A4CD /* KXAlertView.m in Sources */ = {isa = PBXBuildFile; fileRef = 0401E2421E557C4300D2A4CD /* KXAlertView.m */; };
		0401E25C1E557C4300D2A4CD /* KXCopyView.m in Sources */ = {isa = PBXBuildFile; fileRef = 0401E2441E557C4300D2A4CD /* KXCopyView.m */; };
		0401E25D1E557C4300D2A4CD /* KXTouchIDManager.m in Sources */ = {isa = PBXBuildFile; fileRef = 0401E2461E557C4300D2A4CD /* KXTouchIDManager.m */; };
		0401E25E1E557C4300D2A4CD /* GTMBase64.m in Sources */ = {isa = PBXBuildFile; fileRef = 0401E24B1E557C4300D2A4CD /* GTMBase64.m */; };
		0401E25F1E557C4300D2A4CD /* NSData+AES.m in Sources */ = {isa = PBXBuildFile; fileRef = 0401E24E1E557C4300D2A4CD /* NSData+AES.m */; };
		0401E2601E557C4300D2A4CD /* NSString+MD5.m in Sources */ = {isa = PBXBuildFile; fileRef = 0401E2501E557C4300D2A4CD /* NSString+MD5.m */; };
		0401E2611E557C4300D2A4CD /* KXCodingManager.m in Sources */ = {isa = PBXBuildFile; fileRef = 0401E2521E557C4300D2A4CD /* KXCodingManager.m */; };
		0401E2621E557C4300D2A4CD /* KXKeyChainManager.m in Sources */ = {isa = PBXBuildFile; fileRef = 0401E2541E557C4300D2A4CD /* KXKeyChainManager.m */; };
		04434DDE1EEE86F500C2CE2D /* NSAttributedString+MLLabel.m in Sources */ = {isa = PBXBuildFile; fileRef = 04434DC61EEE86F500C2CE2D /* NSAttributedString+MLLabel.m */; };
		04434DDF1EEE86F500C2CE2D /* NSMutableAttributedString+MLLabel.m in Sources */ = {isa = PBXBuildFile; fileRef = 04434DC81EEE86F500C2CE2D /* NSMutableAttributedString+MLLabel.m */; };
		04434DE01EEE86F500C2CE2D /* NSString+MLLabel.m in Sources */ = {isa = PBXBuildFile; fileRef = 04434DCA1EEE86F500C2CE2D /* NSString+MLLabel.m */; };
		04434DE11EEE86F500C2CE2D /* MLExpressionManager.m in Sources */ = {isa = PBXBuildFile; fileRef = 04434DCD1EEE86F500C2CE2D /* MLExpressionManager.m */; };
		04434DE21EEE86F500C2CE2D /* MLTextAttachment.m in Sources */ = {isa = PBXBuildFile; fileRef = 04434DCF1EEE86F500C2CE2D /* MLTextAttachment.m */; };
		04434DE31EEE86F500C2CE2D /* NSAttributedString+MLExpression.m in Sources */ = {isa = PBXBuildFile; fileRef = 04434DD11EEE86F500C2CE2D /* NSAttributedString+MLExpression.m */; };
		04434DE41EEE86F500C2CE2D /* NSString+MLExpression.m in Sources */ = {isa = PBXBuildFile; fileRef = 04434DD31EEE86F500C2CE2D /* NSString+MLExpression.m */; };
		04434DE51EEE86F500C2CE2D /* MLLabelLayoutManager.m in Sources */ = {isa = PBXBuildFile; fileRef = 04434DD71EEE86F500C2CE2D /* MLLabelLayoutManager.m */; };
		04434DE61EEE86F500C2CE2D /* MLLabel.m in Sources */ = {isa = PBXBuildFile; fileRef = 04434DD91EEE86F500C2CE2D /* MLLabel.m */; };
		04434DE71EEE86F500C2CE2D /* MLLinkLabel.m in Sources */ = {isa = PBXBuildFile; fileRef = 04434DDB1EEE86F500C2CE2D /* MLLinkLabel.m */; };
		04434DE81EEE86F500C2CE2D /* LICENSE in Resources */ = {isa = PBXBuildFile; fileRef = 04434DDC1EEE86F500C2CE2D /* LICENSE */; };
		04434DE91EEE86F500C2CE2D /* README.md in Sources */ = {isa = PBXBuildFile; fileRef = 04434DDD1EEE86F500C2CE2D /* README.md */; };
		04434DED1EEE874300C2CE2D /* UIColor+My.m in Sources */ = {isa = PBXBuildFile; fileRef = 04434DEC1EEE874300C2CE2D /* UIColor+My.m */; };
		049196A51DFA9D0F00208E89 /* Security.framework in Frameworks */ = {isa = PBXBuildFile; fileRef = 049196A41DFA9D0F00208E89 /* Security.framework */; };
		049196A71DFA9F0300208E89 /* LocalAuthentication.framework in Frameworks */ = {isa = PBXBuildFile; fileRef = 049196A61DFA9F0300208E89 /* LocalAuthentication.framework */; };
		473059021CC9B97600BA2E02 /* main.m in Sources */ = {isa = PBXBuildFile; fileRef = 473059011CC9B97600BA2E02 /* main.m */; };
		473059051CC9B97600BA2E02 /* AppDelegate.m in Sources */ = {isa = PBXBuildFile; fileRef = 473059041CC9B97600BA2E02 /* AppDelegate.m */; };
		473059081CC9B97600BA2E02 /* ViewController.m in Sources */ = {isa = PBXBuildFile; fileRef = 473059071CC9B97600BA2E02 /* ViewController.m */; };
		4730590B1CC9B97600BA2E02 /* Main.storyboard in Resources */ = {isa = PBXBuildFile; fileRef = 473059091CC9B97600BA2E02 /* Main.storyboard */; };
		4730590D1CC9B97600BA2E02 /* Assets.xcassets in Resources */ = {isa = PBXBuildFile; fileRef = 4730590C1CC9B97600BA2E02 /* Assets.xcassets */; };
		473059101CC9B97600BA2E02 /* LaunchScreen.storyboard in Resources */ = {isa = PBXBuildFile; fileRef = 4730590E1CC9B97600BA2E02 /* LaunchScreen.storyboard */; };
		C772DC2B482D88EBF0C606E5 /* libPods-KXTools.a in Frameworks */ = {isa = PBXBuildFile; fileRef = 9602395FC1826AB846507F9E /* libPods-KXTools.a */; };
/* End PBXBuildFile section */

/* Begin PBXFileReference section */
		0401E2341E557C4300D2A4CD /* NSString+FontSize.h */ = {isa = PBXFileReference; fileEncoding = 4; lastKnownFileType = sourcecode.c.h; path = "NSString+FontSize.h"; sourceTree = "<group>"; };
		0401E2351E557C4300D2A4CD /* NSString+FontSize.m */ = {isa = PBXFileReference; fileEncoding = 4; lastKnownFileType = sourcecode.c.objc; path = "NSString+FontSize.m"; sourceTree = "<group>"; };
		0401E2361E557C4300D2A4CD /* NSString+urlCoding.h */ = {isa = PBXFileReference; fileEncoding = 4; lastKnownFileType = sourcecode.c.h; path = "NSString+urlCoding.h"; sourceTree = "<group>"; };
		0401E2371E557C4300D2A4CD /* NSString+urlCoding.m */ = {isa = PBXFileReference; fileEncoding = 4; lastKnownFileType = sourcecode.c.objc; path = "NSString+urlCoding.m"; sourceTree = "<group>"; };
		0401E2381E557C4300D2A4CD /* UIButton+iconWithTitle.h */ = {isa = PBXFileReference; fileEncoding = 4; lastKnownFileType = sourcecode.c.h; path = "UIButton+iconWithTitle.h"; sourceTree = "<group>"; };
		0401E2391E557C4300D2A4CD /* UIButton+iconWithTitle.m */ = {isa = PBXFileReference; fileEncoding = 4; lastKnownFileType = sourcecode.c.objc; path = "UIButton+iconWithTitle.m"; sourceTree = "<group>"; };
		0401E23A1E557C4300D2A4CD /* UINavigationBar+Awesome.h */ = {isa = PBXFileReference; fileEncoding = 4; lastKnownFileType = sourcecode.c.h; path = "UINavigationBar+Awesome.h"; sourceTree = "<group>"; };
		0401E23B1E557C4300D2A4CD /* UINavigationBar+Awesome.m */ = {isa = PBXFileReference; fileEncoding = 4; lastKnownFileType = sourcecode.c.objc; path = "UINavigationBar+Awesome.m"; sourceTree = "<group>"; };
		0401E23F1E557C4300D2A4CD /* KXActionSheet.h */ = {isa = PBXFileReference; fileEncoding = 4; lastKnownFileType = sourcecode.c.h; path = KXActionSheet.h; sourceTree = "<group>"; };
		0401E2401E557C4300D2A4CD /* KXActionSheet.m */ = {isa = PBXFileReference; fileEncoding = 4; lastKnownFileType = sourcecode.c.objc; path = KXActionSheet.m; sourceTree = "<group>"; };
		0401E2411E557C4300D2A4CD /* KXAlertView.h */ = {isa = PBXFileReference; fileEncoding = 4; lastKnownFileType = sourcecode.c.h; path = KXAlertView.h; sourceTree = "<group>"; };
		0401E2421E557C4300D2A4CD /* KXAlertView.m */ = {isa = PBXFileReference; fileEncoding = 4; lastKnownFileType = sourcecode.c.objc; path = KXAlertView.m; sourceTree = "<group>"; };
		0401E2431E557C4300D2A4CD /* KXCopyView.h */ = {isa = PBXFileReference; fileEncoding = 4; lastKnownFileType = sourcecode.c.h; path = KXCopyView.h; sourceTree = "<group>"; };
		0401E2441E557C4300D2A4CD /* KXCopyView.m */ = {isa = PBXFileReference; fileEncoding = 4; lastKnownFileType = sourcecode.c.objc; path = KXCopyView.m; sourceTree = "<group>"; };
		0401E2451E557C4300D2A4CD /* KXTouchIDManager.h */ = {isa = PBXFileReference; fileEncoding = 4; lastKnownFileType = sourcecode.c.h; path = KXTouchIDManager.h; sourceTree = "<group>"; };
		0401E2461E557C4300D2A4CD /* KXTouchIDManager.m */ = {isa = PBXFileReference; fileEncoding = 4; lastKnownFileType = sourcecode.c.objc; path = KXTouchIDManager.m; sourceTree = "<group>"; };
		0401E24A1E557C4300D2A4CD /* GTMBase64.h */ = {isa = PBXFileReference; fileEncoding = 4; lastKnownFileType = sourcecode.c.h; path = GTMBase64.h; sourceTree = "<group>"; };
		0401E24B1E557C4300D2A4CD /* GTMBase64.m */ = {isa = PBXFileReference; fileEncoding = 4; lastKnownFileType = sourcecode.c.objc; path = GTMBase64.m; sourceTree = "<group>"; };
		0401E24C1E557C4300D2A4CD /* GTMDefines.h */ = {isa = PBXFileReference; fileEncoding = 4; lastKnownFileType = sourcecode.c.h; path = GTMDefines.h; sourceTree = "<group>"; };
		0401E24D1E557C4300D2A4CD /* NSData+AES.h */ = {isa = PBXFileReference; fileEncoding = 4; lastKnownFileType = sourcecode.c.h; path = "NSData+AES.h"; sourceTree = "<group>"; };
		0401E24E1E557C4300D2A4CD /* NSData+AES.m */ = {isa = PBXFileReference; fileEncoding = 4; lastKnownFileType = sourcecode.c.objc; path = "NSData+AES.m"; sourceTree = "<group>"; };
		0401E24F1E557C4300D2A4CD /* NSString+MD5.h */ = {isa = PBXFileReference; fileEncoding = 4; lastKnownFileType = sourcecode.c.h; path = "NSString+MD5.h"; sourceTree = "<group>"; };
		0401E2501E557C4300D2A4CD /* NSString+MD5.m */ = {isa = PBXFileReference; fileEncoding = 4; lastKnownFileType = sourcecode.c.objc; path = "NSString+MD5.m"; sourceTree = "<group>"; };
		0401E2511E557C4300D2A4CD /* KXCodingManager.h */ = {isa = PBXFileReference; fileEncoding = 4; lastKnownFileType = sourcecode.c.h; path = KXCodingManager.h; sourceTree = "<group>"; };
		0401E2521E557C4300D2A4CD /* KXCodingManager.m */ = {isa = PBXFileReference; fileEncoding = 4; lastKnownFileType = sourcecode.c.objc; path = KXCodingManager.m; sourceTree = "<group>"; };
		0401E2531E557C4300D2A4CD /* KXKeyChainManager.h */ = {isa = PBXFileReference; fileEncoding = 4; lastKnownFileType = sourcecode.c.h; path = KXKeyChainManager.h; sourceTree = "<group>"; };
		0401E2541E557C4300D2A4CD /* KXKeyChainManager.m */ = {isa = PBXFileReference; fileEncoding = 4; lastKnownFileType = sourcecode.c.objc; path = KXKeyChainManager.m; sourceTree = "<group>"; };
		04434DC51EEE86F500C2CE2D /* NSAttributedString+MLLabel.h */ = {isa = PBXFileReference; fileEncoding = 4; lastKnownFileType = sourcecode.c.h; path = "NSAttributedString+MLLabel.h"; sourceTree = "<group>"; };
		04434DC61EEE86F500C2CE2D /* NSAttributedString+MLLabel.m */ = {isa = PBXFileReference; fileEncoding = 4; lastKnownFileType = sourcecode.c.objc; path = "NSAttributedString+MLLabel.m"; sourceTree = "<group>"; };
		04434DC71EEE86F500C2CE2D /* NSMutableAttributedString+MLLabel.h */ = {isa = PBXFileReference; fileEncoding = 4; lastKnownFileType = sourcecode.c.h; path = "NSMutableAttributedString+MLLabel.h"; sourceTree = "<group>"; };
		04434DC81EEE86F500C2CE2D /* NSMutableAttributedString+MLLabel.m */ = {isa = PBXFileReference; fileEncoding = 4; lastKnownFileType = sourcecode.c.objc; path = "NSMutableAttributedString+MLLabel.m"; sourceTree = "<group>"; };
		04434DC91EEE86F500C2CE2D /* NSString+MLLabel.h */ = {isa = PBXFileReference; fileEncoding = 4; lastKnownFileType = sourcecode.c.h; path = "NSString+MLLabel.h"; sourceTree = "<group>"; };
		04434DCA1EEE86F500C2CE2D /* NSString+MLLabel.m */ = {isa = PBXFileReference; fileEncoding = 4; lastKnownFileType = sourcecode.c.objc; path = "NSString+MLLabel.m"; sourceTree = "<group>"; };
		04434DCC1EEE86F500C2CE2D /* MLExpressionManager.h */ = {isa = PBXFileReference; fileEncoding = 4; lastKnownFileType = sourcecode.c.h; path = MLExpressionManager.h; sourceTree = "<group>"; };
		04434DCD1EEE86F500C2CE2D /* MLExpressionManager.m */ = {isa = PBXFileReference; fileEncoding = 4; lastKnownFileType = sourcecode.c.objc; path = MLExpressionManager.m; sourceTree = "<group>"; };
		04434DCE1EEE86F500C2CE2D /* MLTextAttachment.h */ = {isa = PBXFileReference; fileEncoding = 4; lastKnownFileType = sourcecode.c.h; path = MLTextAttachment.h; sourceTree = "<group>"; };
		04434DCF1EEE86F500C2CE2D /* MLTextAttachment.m */ = {isa = PBXFileReference; fileEncoding = 4; lastKnownFileType = sourcecode.c.objc; path = MLTextAttachment.m; sourceTree = "<group>"; };
		04434DD01EEE86F500C2CE2D /* NSAttributedString+MLExpression.h */ = {isa = PBXFileReference; fileEncoding = 4; lastKnownFileType = sourcecode.c.h; path = "NSAttributedString+MLExpression.h"; sourceTree = "<group>"; };
		04434DD11EEE86F500C2CE2D /* NSAttributedString+MLExpression.m */ = {isa = PBXFileReference; fileEncoding = 4; lastKnownFileType = sourcecode.c.objc; path = "NSAttributedString+MLExpression.m"; sourceTree = "<group>"; };
		04434DD21EEE86F500C2CE2D /* NSString+MLExpression.h */ = {isa = PBXFileReference; fileEncoding = 4; lastKnownFileType = sourcecode.c.h; path = "NSString+MLExpression.h"; sourceTree = "<group>"; };
		04434DD31EEE86F500C2CE2D /* NSString+MLExpression.m */ = {isa = PBXFileReference; fileEncoding = 4; lastKnownFileType = sourcecode.c.objc; path = "NSString+MLExpression.m"; sourceTree = "<group>"; };
		04434DD51EEE86F500C2CE2D /* MLLabel+Override.h */ = {isa = PBXFileReference; fileEncoding = 4; lastKnownFileType = sourcecode.c.h; path = "MLLabel+Override.h"; sourceTree = "<group>"; };
		04434DD61EEE86F500C2CE2D /* MLLabelLayoutManager.h */ = {isa = PBXFileReference; fileEncoding = 4; lastKnownFileType = sourcecode.c.h; path = MLLabelLayoutManager.h; sourceTree = "<group>"; };
		04434DD71EEE86F500C2CE2D /* MLLabelLayoutManager.m */ = {isa = PBXFileReference; fileEncoding = 4; lastKnownFileType = sourcecode.c.objc; path = MLLabelLayoutManager.m; sourceTree = "<group>"; };
		04434DD81EEE86F500C2CE2D /* MLLabel.h */ = {isa = PBXFileReference; fileEncoding = 4; lastKnownFileType = sourcecode.c.h; path = MLLabel.h; sourceTree = "<group>"; };
		04434DD91EEE86F500C2CE2D /* MLLabel.m */ = {isa = PBXFileReference; fileEncoding = 4; lastKnownFileType = sourcecode.c.objc; path = MLLabel.m; sourceTree = "<group>"; };
		04434DDA1EEE86F500C2CE2D /* MLLinkLabel.h */ = {isa = PBXFileReference; fileEncoding = 4; lastKnownFileType = sourcecode.c.h; path = MLLinkLabel.h; sourceTree = "<group>"; };
		04434DDB1EEE86F500C2CE2D /* MLLinkLabel.m */ = {isa = PBXFileReference; fileEncoding = 4; lastKnownFileType = sourcecode.c.objc; path = MLLinkLabel.m; sourceTree = "<group>"; };
		04434DDC1EEE86F500C2CE2D /* LICENSE */ = {isa = PBXFileReference; fileEncoding = 4; lastKnownFileType = text; path = LICENSE; sourceTree = "<group>"; };
		04434DDD1EEE86F500C2CE2D /* README.md */ = {isa = PBXFileReference; fileEncoding = 4; lastKnownFileType = net.daringfireball.markdown; path = README.md; sourceTree = "<group>"; };
		04434DEA1EEE870900C2CE2D /* KXToolsPCH.pch */ = {isa = PBXFileReference; lastKnownFileType = sourcecode.c.h; path = KXToolsPCH.pch; sourceTree = "<group>"; };
		04434DEB1EEE874300C2CE2D /* UIColor+My.h */ = {isa = PBXFileReference; fileEncoding = 4; lastKnownFileType = sourcecode.c.h; path = "UIColor+My.h"; sourceTree = "<group>"; };
		04434DEC1EEE874300C2CE2D /* UIColor+My.m */ = {isa = PBXFileReference; fileEncoding = 4; lastKnownFileType = sourcecode.c.objc; path = "UIColor+My.m"; sourceTree = "<group>"; };
		049196A41DFA9D0F00208E89 /* Security.framework */ = {isa = PBXFileReference; lastKnownFileType = wrapper.framework; name = Security.framework; path = System/Library/Frameworks/Security.framework; sourceTree = SDKROOT; };
		049196A61DFA9F0300208E89 /* LocalAuthentication.framework */ = {isa = PBXFileReference; lastKnownFileType = wrapper.framework; name = LocalAuthentication.framework; path = System/Library/Frameworks/LocalAuthentication.framework; sourceTree = SDKROOT; };
		157B73693756C2C4D1D87BBB /* Pods-KXTools.debug.xcconfig */ = {isa = PBXFileReference; includeInIndex = 1; lastKnownFileType = text.xcconfig; name = "Pods-KXTools.debug.xcconfig"; path = "Pods/Target Support Files/Pods-KXTools/Pods-KXTools.debug.xcconfig"; sourceTree = "<group>"; };
		473058FD1CC9B97600BA2E02 /* KXTools.app */ = {isa = PBXFileReference; explicitFileType = wrapper.application; includeInIndex = 0; path = KXTools.app; sourceTree = BUILT_PRODUCTS_DIR; };
		473059011CC9B97600BA2E02 /* main.m */ = {isa = PBXFileReference; lastKnownFileType = sourcecode.c.objc; path = main.m; sourceTree = "<group>"; };
		473059031CC9B97600BA2E02 /* AppDelegate.h */ = {isa = PBXFileReference; lastKnownFileType = sourcecode.c.h; path = AppDelegate.h; sourceTree = "<group>"; };
		473059041CC9B97600BA2E02 /* AppDelegate.m */ = {isa = PBXFileReference; lastKnownFileType = sourcecode.c.objc; path = AppDelegate.m; sourceTree = "<group>"; };
		473059061CC9B97600BA2E02 /* ViewController.h */ = {isa = PBXFileReference; lastKnownFileType = sourcecode.c.h; path = ViewController.h; sourceTree = "<group>"; };
		473059071CC9B97600BA2E02 /* ViewController.m */ = {isa = PBXFileReference; lastKnownFileType = sourcecode.c.objc; path = ViewController.m; sourceTree = "<group>"; };
		4730590A1CC9B97600BA2E02 /* Base */ = {isa = PBXFileReference; lastKnownFileType = file.storyboard; name = Base; path = Base.lproj/Main.storyboard; sourceTree = "<group>"; };
		4730590C1CC9B97600BA2E02 /* Assets.xcassets */ = {isa = PBXFileReference; lastKnownFileType = folder.assetcatalog; path = Assets.xcassets; sourceTree = "<group>"; };
		4730590F1CC9B97600BA2E02 /* Base */ = {isa = PBXFileReference; lastKnownFileType = file.storyboard; name = Base; path = Base.lproj/LaunchScreen.storyboard; sourceTree = "<group>"; };
		473059111CC9B97600BA2E02 /* Info.plist */ = {isa = PBXFileReference; lastKnownFileType = text.plist.xml; path = Info.plist; sourceTree = "<group>"; };
		8F25A7D14C27CE6E4966FA65 /* Pods-KXTools.release.xcconfig */ = {isa = PBXFileReference; includeInIndex = 1; lastKnownFileType = text.xcconfig; name = "Pods-KXTools.release.xcconfig"; path = "Pods/Target Support Files/Pods-KXTools/Pods-KXTools.release.xcconfig"; sourceTree = "<group>"; };
		9602395FC1826AB846507F9E /* libPods-KXTools.a */ = {isa = PBXFileReference; explicitFileType = archive.ar; includeInIndex = 0; path = "libPods-KXTools.a"; sourceTree = BUILT_PRODUCTS_DIR; };
/* End PBXFileReference section */

/* Begin PBXFrameworksBuildPhase section */
		473058FA1CC9B97600BA2E02 /* Frameworks */ = {
			isa = PBXFrameworksBuildPhase;
			buildActionMask = 2147483647;
			files = (
				049196A71DFA9F0300208E89 /* LocalAuthentication.framework in Frameworks */,
				049196A51DFA9D0F00208E89 /* Security.framework in Frameworks */,
				C772DC2B482D88EBF0C606E5 /* libPods-KXTools.a in Frameworks */,
			);
			runOnlyForDeploymentPostprocessing = 0;
		};
/* End PBXFrameworksBuildPhase section */

/* Begin PBXGroup section */
		0401E1FF1E53F86E00D2A4CD /* DemoModel */ = {
			isa = PBXGroup;
			children = (
			);
			name = DemoModel;
			sourceTree = "<group>";
		};
		0401E2331E557C4300D2A4CD /* categray */ = {
			isa = PBXGroup;
			children = (
				04434DEB1EEE874300C2CE2D /* UIColor+My.h */,
				04434DEC1EEE874300C2CE2D /* UIColor+My.m */,
				0401E2341E557C4300D2A4CD /* NSString+FontSize.h */,
				0401E2351E557C4300D2A4CD /* NSString+FontSize.m */,
				0401E2361E557C4300D2A4CD /* NSString+urlCoding.h */,
				0401E2371E557C4300D2A4CD /* NSString+urlCoding.m */,
				0401E2381E557C4300D2A4CD /* UIButton+iconWithTitle.h */,
				0401E2391E557C4300D2A4CD /* UIButton+iconWithTitle.m */,
				0401E23A1E557C4300D2A4CD /* UINavigationBar+Awesome.h */,
				0401E23B1E557C4300D2A4CD /* UINavigationBar+Awesome.m */,
			);
			path = categray;
			sourceTree = "<group>";
		};
		0401E23C1E557C4300D2A4CD /* Lib */ = {
			isa = PBXGroup;
			children = (
				0401E23F1E557C4300D2A4CD /* KXActionSheet.h */,
				0401E2401E557C4300D2A4CD /* KXActionSheet.m */,
				0401E2411E557C4300D2A4CD /* KXAlertView.h */,
				0401E2421E557C4300D2A4CD /* KXAlertView.m */,
				0401E2431E557C4300D2A4CD /* KXCopyView.h */,
				0401E2441E557C4300D2A4CD /* KXCopyView.m */,
				0401E2451E557C4300D2A4CD /* KXTouchIDManager.h */,
				0401E2461E557C4300D2A4CD /* KXTouchIDManager.m */,
			);
			path = Lib;
			sourceTree = "<group>";
		};
		0401E2471E557C4300D2A4CD /* Security */ = {
			isa = PBXGroup;
			children = (
				0401E2481E557C4300D2A4CD /* Categray */,
				0401E2511E557C4300D2A4CD /* KXCodingManager.h */,
				0401E2521E557C4300D2A4CD /* KXCodingManager.m */,
				0401E2531E557C4300D2A4CD /* KXKeyChainManager.h */,
				0401E2541E557C4300D2A4CD /* KXKeyChainManager.m */,
			);
			path = Security;
			sourceTree = "<group>";
		};
		0401E2481E557C4300D2A4CD /* Categray */ = {
			isa = PBXGroup;
			children = (
				0401E2491E557C4300D2A4CD /* GTMBase64 */,
				0401E24D1E557C4300D2A4CD /* NSData+AES.h */,
				0401E24E1E557C4300D2A4CD /* NSData+AES.m */,
				0401E24F1E557C4300D2A4CD /* NSString+MD5.h */,
				0401E2501E557C4300D2A4CD /* NSString+MD5.m */,
			);
			path = Categray;
			sourceTree = "<group>";
		};
		0401E2491E557C4300D2A4CD /* GTMBase64 */ = {
			isa = PBXGroup;
			children = (
				0401E24A1E557C4300D2A4CD /* GTMBase64.h */,
				0401E24B1E557C4300D2A4CD /* GTMBase64.m */,
				0401E24C1E557C4300D2A4CD /* GTMDefines.h */,
			);
			path = GTMBase64;
			sourceTree = "<group>";
		};
		04434DC11EEE86F500C2CE2D /* TheThirdPart */ = {
			isa = PBXGroup;
			children = (
				04434DC21EEE86F500C2CE2D /* MLLabel */,
			);
			path = TheThirdPart;
			sourceTree = "<group>";
		};
		04434DC21EEE86F500C2CE2D /* MLLabel */ = {
			isa = PBXGroup;
			children = (
				04434DC31EEE86F500C2CE2D /* Classes */,
				04434DDC1EEE86F500C2CE2D /* LICENSE */,
				04434DDD1EEE86F500C2CE2D /* README.md */,
			);
			path = MLLabel;
			sourceTree = "<group>";
		};
		04434DC31EEE86F500C2CE2D /* Classes */ = {
			isa = PBXGroup;
			children = (
				04434DC41EEE86F500C2CE2D /* Category */,
				04434DCB1EEE86F500C2CE2D /* Expression */,
				04434DD41EEE86F500C2CE2D /* Helper */,
				04434DD81EEE86F500C2CE2D /* MLLabel.h */,
				04434DD91EEE86F500C2CE2D /* MLLabel.m */,
				04434DDA1EEE86F500C2CE2D /* MLLinkLabel.h */,
				04434DDB1EEE86F500C2CE2D /* MLLinkLabel.m */,
			);
			path = Classes;
			sourceTree = "<group>";
		};
		04434DC41EEE86F500C2CE2D /* Category */ = {
			isa = PBXGroup;
			children = (
				04434DC51EEE86F500C2CE2D /* NSAttributedString+MLLabel.h */,
				04434DC61EEE86F500C2CE2D /* NSAttributedString+MLLabel.m */,
				04434DC71EEE86F500C2CE2D /* NSMutableAttributedString+MLLabel.h */,
				04434DC81EEE86F500C2CE2D /* NSMutableAttributedString+MLLabel.m */,
				04434DC91EEE86F500C2CE2D /* NSString+MLLabel.h */,
				04434DCA1EEE86F500C2CE2D /* NSString+MLLabel.m */,
			);
			path = Category;
			sourceTree = "<group>";
		};
		04434DCB1EEE86F500C2CE2D /* Expression */ = {
			isa = PBXGroup;
			children = (
				04434DCC1EEE86F500C2CE2D /* MLExpressionManager.h */,
				04434DCD1EEE86F500C2CE2D /* MLExpressionManager.m */,
				04434DCE1EEE86F500C2CE2D /* MLTextAttachment.h */,
				04434DCF1EEE86F500C2CE2D /* MLTextAttachment.m */,
				04434DD01EEE86F500C2CE2D /* NSAttributedString+MLExpression.h */,
				04434DD11EEE86F500C2CE2D /* NSAttributedString+MLExpression.m */,
				04434DD21EEE86F500C2CE2D /* NSString+MLExpression.h */,
				04434DD31EEE86F500C2CE2D /* NSString+MLExpression.m */,
			);
			path = Expression;
			sourceTree = "<group>";
		};
		04434DD41EEE86F500C2CE2D /* Helper */ = {
			isa = PBXGroup;
			children = (
				04434DD51EEE86F500C2CE2D /* MLLabel+Override.h */,
				04434DD61EEE86F500C2CE2D /* MLLabelLayoutManager.h */,
				04434DD71EEE86F500C2CE2D /* MLLabelLayoutManager.m */,
			);
			path = Helper;
			sourceTree = "<group>";
		};
		049196A31DFA9D0F00208E89 /* Frameworks */ = {
			isa = PBXGroup;
			children = (
				049196A61DFA9F0300208E89 /* LocalAuthentication.framework */,
				049196A41DFA9D0F00208E89 /* Security.framework */,
				9602395FC1826AB846507F9E /* libPods-KXTools.a */,
			);
			name = Frameworks;
			sourceTree = "<group>";
		};
		42F05F08D9E491E679544841 /* Pods */ = {
			isa = PBXGroup;
			children = (
				157B73693756C2C4D1D87BBB /* Pods-KXTools.debug.xcconfig */,
				8F25A7D14C27CE6E4966FA65 /* Pods-KXTools.release.xcconfig */,
			);
			name = Pods;
			sourceTree = "<group>";
		};
		473058F41CC9B97600BA2E02 = {
			isa = PBXGroup;
			children = (
				473058FF1CC9B97600BA2E02 /* KXTools */,
				473058FE1CC9B97600BA2E02 /* Products */,
				049196A31DFA9D0F00208E89 /* Frameworks */,
				42F05F08D9E491E679544841 /* Pods */,
			);
			sourceTree = "<group>";
		};
		473058FE1CC9B97600BA2E02 /* Products */ = {
			isa = PBXGroup;
			children = (
				473058FD1CC9B97600BA2E02 /* KXTools.app */,
			);
			name = Products;
			sourceTree = "<group>";
		};
		473058FF1CC9B97600BA2E02 /* KXTools */ = {
			isa = PBXGroup;
			children = (
				0401E1FF1E53F86E00D2A4CD /* DemoModel */,
				473059271CC9BAC600BA2E02 /* categray */,
				473059171CC9BAB300BA2E02 /* Tools */,
				473059031CC9B97600BA2E02 /* AppDelegate.h */,
				473059041CC9B97600BA2E02 /* AppDelegate.m */,
				473059061CC9B97600BA2E02 /* ViewController.h */,
				473059071CC9B97600BA2E02 /* ViewController.m */,
				473059091CC9B97600BA2E02 /* Main.storyboard */,
				4730590C1CC9B97600BA2E02 /* Assets.xcassets */,
				4730590E1CC9B97600BA2E02 /* LaunchScreen.storyboard */,
				473059111CC9B97600BA2E02 /* Info.plist */,
				473059001CC9B97600BA2E02 /* Supporting Files */,
				04434DEA1EEE870900C2CE2D /* KXToolsPCH.pch */,
			);
			path = KXTools;
			sourceTree = "<group>";
		};
		473059001CC9B97600BA2E02 /* Supporting Files */ = {
			isa = PBXGroup;
			children = (
				473059011CC9B97600BA2E02 /* main.m */,
			);
			name = "Supporting Files";
			sourceTree = "<group>";
		};
		473059171CC9BAB300BA2E02 /* Tools */ = {
			isa = PBXGroup;
			children = (
				04434DC11EEE86F500C2CE2D /* TheThirdPart */,
				0401E2331E557C4300D2A4CD /* categray */,
				0401E23C1E557C4300D2A4CD /* Lib */,
				0401E2471E557C4300D2A4CD /* Security */,
			);
			path = Tools;
			sourceTree = "<group>";
		};
		473059271CC9BAC600BA2E02 /* categray */ = {
			isa = PBXGroup;
			children = (
			);
			name = categray;
			sourceTree = "<group>";
		};
/* End PBXGroup section */

/* Begin PBXNativeTarget section */
		473058FC1CC9B97600BA2E02 /* KXTools */ = {
			isa = PBXNativeTarget;
			buildConfigurationList = 473059141CC9B97600BA2E02 /* Build configuration list for PBXNativeTarget "KXTools" */;
			buildPhases = (
				8784DA0CD79209232502E494 /* [CP] Check Pods Manifest.lock */,
				473058F91CC9B97600BA2E02 /* Sources */,
				473058FA1CC9B97600BA2E02 /* Frameworks */,
				473058FB1CC9B97600BA2E02 /* Resources */,
				06784120C3AC3E8CB9D45393 /* [CP] Embed Pods Frameworks */,
				5B30331B3E40D29E99AD72B7 /* [CP] Copy Pods Resources */,
			);
			buildRules = (
			);
			dependencies = (
			);
			name = KXTools;
			productName = KXTools;
			productReference = 473058FD1CC9B97600BA2E02 /* KXTools.app */;
			productType = "com.apple.product-type.application";
		};
/* End PBXNativeTarget section */

/* Begin PBXProject section */
		473058F51CC9B97600BA2E02 /* Project object */ = {
			isa = PBXProject;
			attributes = {
				LastUpgradeCheck = 0700;
				ORGANIZATIONNAME = kit;
				TargetAttributes = {
					473058FC1CC9B97600BA2E02 = {
						CreatedOnToolsVersion = 7.0.1;
						DevelopmentTeam = C74GJQS7VJ;
					};
				};
			};
			buildConfigurationList = 473058F81CC9B97600BA2E02 /* Build configuration list for PBXProject "KXTools" */;
			compatibilityVersion = "Xcode 3.2";
			developmentRegion = English;
			hasScannedForEncodings = 0;
			knownRegions = (
				en,
				Base,
			);
			mainGroup = 473058F41CC9B97600BA2E02;
			productRefGroup = 473058FE1CC9B97600BA2E02 /* Products */;
			projectDirPath = "";
			projectRoot = "";
			targets = (
				473058FC1CC9B97600BA2E02 /* KXTools */,
			);
		};
/* End PBXProject section */

/* Begin PBXResourcesBuildPhase section */
		473058FB1CC9B97600BA2E02 /* Resources */ = {
			isa = PBXResourcesBuildPhase;
			buildActionMask = 2147483647;
			files = (
				473059101CC9B97600BA2E02 /* LaunchScreen.storyboard in Resources */,
				4730590D1CC9B97600BA2E02 /* Assets.xcassets in Resources */,
				04434DE81EEE86F500C2CE2D /* LICENSE in Resources */,
				4730590B1CC9B97600BA2E02 /* Main.storyboard in Resources */,
			);
			runOnlyForDeploymentPostprocessing = 0;
		};
/* End PBXResourcesBuildPhase section */

/* Begin PBXShellScriptBuildPhase section */
		06784120C3AC3E8CB9D45393 /* [CP] Embed Pods Frameworks */ = {
			isa = PBXShellScriptBuildPhase;
			buildActionMask = 2147483647;
			files = (
			);
			inputPaths = (
			);
			name = "[CP] Embed Pods Frameworks";
			outputPaths = (
			);
			runOnlyForDeploymentPostprocessing = 0;
			shellPath = /bin/sh;
			shellScript = "\"${SRCROOT}/Pods/Target Support Files/Pods-KXTools/Pods-KXTools-frameworks.sh\"\n";
			showEnvVarsInLog = 0;
		};
		5B30331B3E40D29E99AD72B7 /* [CP] Copy Pods Resources */ = {
			isa = PBXShellScriptBuildPhase;
			buildActionMask = 2147483647;
			files = (
			);
			inputPaths = (
			);
			name = "[CP] Copy Pods Resources";
			outputPaths = (
			);
			runOnlyForDeploymentPostprocessing = 0;
			shellPath = /bin/sh;
			shellScript = "\"${SRCROOT}/Pods/Target Support Files/Pods-KXTools/Pods-KXTools-resources.sh\"\n";
			showEnvVarsInLog = 0;
		};
		8784DA0CD79209232502E494 /* [CP] Check Pods Manifest.lock */ = {
			isa = PBXShellScriptBuildPhase;
			buildActionMask = 2147483647;
			files = (
			);
			inputPaths = (
			);
			name = "[CP] Check Pods Manifest.lock";
			outputPaths = (
			);
			runOnlyForDeploymentPostprocessing = 0;
			shellPath = /bin/sh;
			shellScript = "diff \"${PODS_ROOT}/../Podfile.lock\" \"${PODS_ROOT}/Manifest.lock\" > /dev/null\nif [ $? != 0 ] ; then\n    # print error to STDERR\n    echo \"error: The sandbox is not in sync with the Podfile.lock. Run 'pod install' or update your CocoaPods installation.\" >&2\n    exit 1\nfi\n";
			showEnvVarsInLog = 0;
		};
/* End PBXShellScriptBuildPhase section */

/* Begin PBXSourcesBuildPhase section */
		473058F91CC9B97600BA2E02 /* Sources */ = {
			isa = PBXSourcesBuildPhase;
			buildActionMask = 2147483647;
			files = (
				04434DE21EEE86F500C2CE2D /* MLTextAttachment.m in Sources */,
				0401E25F1E557C4300D2A4CD /* NSData+AES.m in Sources */,
				04434DDE1EEE86F500C2CE2D /* NSAttributedString+MLLabel.m in Sources */,
				0401E2561E557C4300D2A4CD /* NSString+urlCoding.m in Sources */,
				473059081CC9B97600BA2E02 /* ViewController.m in Sources */,
				04434DE71EEE86F500C2CE2D /* MLLinkLabel.m in Sources */,
				0401E2621E557C4300D2A4CD /* KXKeyChainManager.m in Sources */,
				04434DE31EEE86F500C2CE2D /* NSAttributedString+MLExpression.m in Sources */,
				04434DE51EEE86F500C2CE2D /* MLLabelLayoutManager.m in Sources */,
				04434DE01EEE86F500C2CE2D /* NSString+MLLabel.m in Sources */,
				04434DE91EEE86F500C2CE2D /* README.md in Sources */,
				0401E25A1E557C4300D2A4CD /* KXActionSheet.m in Sources */,
				0401E25D1E557C4300D2A4CD /* KXTouchIDManager.m in Sources */,
				473059051CC9B97600BA2E02 /* AppDelegate.m in Sources */,
				0401E25C1E557C4300D2A4CD /* KXCopyView.m in Sources */,
				0401E25B1E557C4300D2A4CD /* KXAlertView.m in Sources */,
				0401E2581E557C4300D2A4CD /* UINavigationBar+Awesome.m in Sources */,
				04434DE41EEE86F500C2CE2D /* NSString+MLExpression.m in Sources */,
				473059021CC9B97600BA2E02 /* main.m in Sources */,
				04434DE11EEE86F500C2CE2D /* MLExpressionManager.m in Sources */,
				04434DE61EEE86F500C2CE2D /* MLLabel.m in Sources */,
				0401E25E1E557C4300D2A4CD /* GTMBase64.m in Sources */,
				0401E2601E557C4300D2A4CD /* NSString+MD5.m in Sources */,
				04434DED1EEE874300C2CE2D /* UIColor+My.m in Sources */,
				04434DDF1EEE86F500C2CE2D /* NSMutableAttributedString+MLLabel.m in Sources */,
				0401E2551E557C4300D2A4CD /* NSString+FontSize.m in Sources */,
				0401E2611E557C4300D2A4CD /* KXCodingManager.m in Sources */,
				0401E2571E557C4300D2A4CD /* UIButton+iconWithTitle.m in Sources */,
			);
			runOnlyForDeploymentPostprocessing = 0;
		};
/* End PBXSourcesBuildPhase section */

/* Begin PBXVariantGroup section */
		473059091CC9B97600BA2E02 /* Main.storyboard */ = {
			isa = PBXVariantGroup;
			children = (
				4730590A1CC9B97600BA2E02 /* Base */,
			);
			name = Main.storyboard;
			sourceTree = "<group>";
		};
		4730590E1CC9B97600BA2E02 /* LaunchScreen.storyboard */ = {
			isa = PBXVariantGroup;
			children = (
				4730590F1CC9B97600BA2E02 /* Base */,
			);
			name = LaunchScreen.storyboard;
			sourceTree = "<group>";
		};
/* End PBXVariantGroup section */

/* Begin XCBuildConfiguration section */
		473059121CC9B97600BA2E02 /* Debug */ = {
			isa = XCBuildConfiguration;
			buildSettings = {
				ALWAYS_SEARCH_USER_PATHS = NO;
				CLANG_CXX_LANGUAGE_STANDARD = "gnu++0x";
				CLANG_CXX_LIBRARY = "libc++";
				CLANG_ENABLE_MODULES = YES;
				CLANG_ENABLE_OBJC_ARC = YES;
				CLANG_WARN_BOOL_CONVERSION = YES;
				CLANG_WARN_CONSTANT_CONVERSION = YES;
				CLANG_WARN_DIRECT_OBJC_ISA_USAGE = YES_ERROR;
				CLANG_WARN_EMPTY_BODY = YES;
				CLANG_WARN_ENUM_CONVERSION = YES;
				CLANG_WARN_INT_CONVERSION = YES;
				CLANG_WARN_OBJC_ROOT_CLASS = YES_ERROR;
				CLANG_WARN_UNREACHABLE_CODE = YES;
				CLANG_WARN__DUPLICATE_METHOD_MATCH = YES;
				"CODE_SIGN_IDENTITY[sdk=iphoneos*]" = "iPhone Developer";
				COPY_PHASE_STRIP = NO;
				DEBUG_INFORMATION_FORMAT = dwarf;
				ENABLE_STRICT_OBJC_MSGSEND = YES;
				ENABLE_TESTABILITY = YES;
				GCC_C_LANGUAGE_STANDARD = gnu99;
				GCC_DYNAMIC_NO_PIC = NO;
				GCC_NO_COMMON_BLOCKS = YES;
				GCC_OPTIMIZATION_LEVEL = 0;
				GCC_PREPROCESSOR_DEFINITIONS = (
					"DEBUG=1",
					"$(inherited)",
				);
				GCC_WARN_64_TO_32_BIT_CONVERSION = YES;
				GCC_WARN_ABOUT_RETURN_TYPE = YES_ERROR;
				GCC_WARN_UNDECLARED_SELECTOR = YES;
				GCC_WARN_UNINITIALIZED_AUTOS = YES_AGGRESSIVE;
				GCC_WARN_UNUSED_FUNCTION = YES;
				GCC_WARN_UNUSED_VARIABLE = YES;
				IPHONEOS_DEPLOYMENT_TARGET = 9.0;
				MTL_ENABLE_DEBUG_INFO = YES;
				ONLY_ACTIVE_ARCH = YES;
				SDKROOT = iphoneos;
			};
			name = Debug;
		};
		473059131CC9B97600BA2E02 /* Release */ = {
			isa = XCBuildConfiguration;
			buildSettings = {
				ALWAYS_SEARCH_USER_PATHS = NO;
				CLANG_CXX_LANGUAGE_STANDARD = "gnu++0x";
				CLANG_CXX_LIBRARY = "libc++";
				CLANG_ENABLE_MODULES = YES;
				CLANG_ENABLE_OBJC_ARC = YES;
				CLANG_WARN_BOOL_CONVERSION = YES;
				CLANG_WARN_CONSTANT_CONVERSION = YES;
				CLANG_WARN_DIRECT_OBJC_ISA_USAGE = YES_ERROR;
				CLANG_WARN_EMPTY_BODY = YES;
				CLANG_WARN_ENUM_CONVERSION = YES;
				CLANG_WARN_INT_CONVERSION = YES;
				CLANG_WARN_OBJC_ROOT_CLASS = YES_ERROR;
				CLANG_WARN_UNREACHABLE_CODE = YES;
				CLANG_WARN__DUPLICATE_METHOD_MATCH = YES;
				"CODE_SIGN_IDENTITY[sdk=iphoneos*]" = "iPhone Developer";
				COPY_PHASE_STRIP = NO;
				DEBUG_INFORMATION_FORMAT = "dwarf-with-dsym";
				ENABLE_NS_ASSERTIONS = NO;
				ENABLE_STRICT_OBJC_MSGSEND = YES;
				GCC_C_LANGUAGE_STANDARD = gnu99;
				GCC_NO_COMMON_BLOCKS = YES;
				GCC_WARN_64_TO_32_BIT_CONVERSION = YES;
				GCC_WARN_ABOUT_RETURN_TYPE = YES_ERROR;
				GCC_WARN_UNDECLARED_SELECTOR = YES;
				GCC_WARN_UNINITIALIZED_AUTOS = YES_AGGRESSIVE;
				GCC_WARN_UNUSED_FUNCTION = YES;
				GCC_WARN_UNUSED_VARIABLE = YES;
				IPHONEOS_DEPLOYMENT_TARGET = 9.0;
				MTL_ENABLE_DEBUG_INFO = NO;
				SDKROOT = iphoneos;
				VALIDATE_PRODUCT = YES;
			};
			name = Release;
		};
		473059151CC9B97600BA2E02 /* Debug */ = {
			isa = XCBuildConfiguration;
			baseConfigurationReference = 157B73693756C2C4D1D87BBB /* Pods-KXTools.debug.xcconfig */;
			buildSettings = {
				ASSETCATALOG_COMPILER_APPICON_NAME = AppIcon;
				DEVELOPMENT_TEAM = C74GJQS7VJ;
				GCC_PREFIX_HEADER = KXTools/KXToolsPCH.pch;
				INFOPLIST_FILE = KXTools/Info.plist;
				IPHONEOS_DEPLOYMENT_TARGET = 8.0;
				LD_RUNPATH_SEARCH_PATHS = "$(inherited) @executable_path/Frameworks";
				PRODUCT_BUNDLE_IDENTIFIER = "com.mr-bearx.KXTools";
				PRODUCT_NAME = "$(TARGET_NAME)";
			};
			name = Debug;
		};
		473059161CC9B97600BA2E02 /* Release */ = {
			isa = XCBuildConfiguration;
			baseConfigurationReference = 8F25A7D14C27CE6E4966FA65 /* Pods-KXTools.release.xcconfig */;
			buildSettings = {
				ASSETCATALOG_COMPILER_APPICON_NAME = AppIcon;
				DEVELOPMENT_TEAM = C74GJQS7VJ;
				GCC_PREFIX_HEADER = KXTools/KXToolsPCH.pch;
				INFOPLIST_FILE = KXTools/Info.plist;
				IPHONEOS_DEPLOYMENT_TARGET = 8.0;
				LD_RUNPATH_SEARCH_PATHS = "$(inherited) @executable_path/Frameworks";
				PRODUCT_BUNDLE_IDENTIFIER = "com.mr-bearx.KXTools";
				PRODUCT_NAME = "$(TARGET_NAME)";
			};
			name = Release;
		};
/* End XCBuildConfiguration section */

/* Begin XCConfigurationList section */
		473058F81CC9B97600BA2E02 /* Build configuration list for PBXProject "KXTools" */ = {
			isa = XCConfigurationList;
			buildConfigurations = (
				473059121CC9B97600BA2E02 /* Debug */,
				473059131CC9B97600BA2E02 /* Release */,
			);
			defaultConfigurationIsVisible = 0;
			defaultConfigurationName = Release;
		};
		473059141CC9B97600BA2E02 /* Build configuration list for PBXNativeTarget "KXTools" */ = {
			isa = XCConfigurationList;
			buildConfigurations = (
				473059151CC9B97600BA2E02 /* Debug */,
				473059161CC9B97600BA2E02 /* Release */,
			);
			defaultConfigurationIsVisible = 0;
			defaultConfigurationName = Release;
		};
/* End XCConfigurationList section */
	};
	rootObject = 473058F51CC9B97600BA2E02 /* Project object */;
}
